
Microsoft Visual Studio Solution File, Format Version 12.00
# Visual Studio 15
VisualStudioVersion = 15.0.27703.2035
MinimumVisualStudioVersion = 10.0.40219.1
Project("{FAE04EC0-301F-11D3-BF4B-00C04F79EFBC}") = "SalesPoint", "SalesPoint\SalesPoint.csproj", "{8C4C73B5-E3C9-4879-8340-FEDC1135CC4F}"
EndProject
Global
	GlobalSection(SolutionConfigurationPlatforms) = preSolution
		Debug|Any CPU = Debug|Any CPU
		Release|Any CPU = Release|Any CPU
	EndGlobalSection
	GlobalSection(ProjectConfigurationPlatforms) = postSolution
		{8C4C73B5-E3C9-4879-8340-FEDC1135CC4F}.Debug|Any CPU.ActiveCfg = Debug|Any CPU
		{8C4C73B5-E3C9-4879-8340-FEDC1135CC4F}.Debug|Any CPU.Build.0 = Debug|Any CPU
		{8C4C73B5-E3C9-4879-8340-FEDC1135CC4F}.Release|Any CPU.ActiveCfg = Release|Any CPU
		{8C4C73B5-E3C9-4879-8340-FEDC1135CC4F}.Release|Any CPU.Build.0 = Release|Any CPU
	EndGlobalSection
	GlobalSection(SolutionProperties) = preSolution
		HideSolutionNode = FALSE
	EndGlobalSection
	GlobalSection(ExtensibilityGlobals) = postSolution
		SolutionGuid = {AC6C5204-E577-4A49-B1F7-6B84B50E7903}
	EndGlobalSection
EndGlobal
